Microsoft Visual Studio Solution File, Format Version 11.00
# Visual Studio 2008

Project("{F6D2BB3E-422F-30C1-E690-2B7B9F2EF61D}") = "SDNECraftPostMidterm", "Assembly-CSharp-firstpass.csproj", "{71558839-D3FE-3C42-E02C-AD5D86DDB864}"
EndProject
Project("{F6D2BB3E-422F-30C1-E690-2B7B9F2EF61D}") = "SDNECraftPostMidterm", "Assembly-CSharp.csproj", "{1506A318-0F01-18C2-E95A-B7D77026A0F5}"
EndProject
Project("{F6D2BB3E-422F-30C1-E690-2B7B9F2EF61D}") = "SDNECraftPostMidterm", "Assembly-CSharp-Editor.csproj", "{E3DAA36E-0194-B307-7886-4443AC58D4D3}"
EndProject
Project("{F6D2BB3E-422F-30C1-E690-2B7B9F2EF61D}") = "SDNECraftPostMidterm", "Assembly-UnityScript.unityproj", "{F74805EA-0FB4-4FD0-8CBD-C1F20F7AE6D2}"
EndProject
Global
	GlobalSection(SolutionConfigurationPlatforms) = preSolution
		Debug|Any CPU = Debug|Any CPU
		Release|Any CPU = Release|Any CPU
	EndGlobalSection
	GlobalSection(ProjectConfigurationPlatforms) = postSolution
		{71558839-D3FE-3C42-E02C-AD5D86DDB864}.Debug|Any CPU.ActiveCfg = Debug|Any CPU
		{71558839-D3FE-3C42-E02C-AD5D86DDB864}.Debug|Any CPU.Build.0 = Debug|Any CPU
		{71558839-D3FE-3C42-E02C-AD5D86DDB864}.Release|Any CPU.ActiveCfg = Release|Any CPU
		{71558839-D3FE-3C42-E02C-AD5D86DDB864}.Release|Any CPU.Build.0 = Release|Any CPU
		{1506A318-0F01-18C2-E95A-B7D77026A0F5}.Debug|Any CPU.ActiveCfg = Debug|Any CPU
		{1506A318-0F01-18C2-E95A-B7D77026A0F5}.Debug|Any CPU.Build.0 = Debug|Any CPU
		{1506A318-0F01-18C2-E95A-B7D77026A0F5}.Release|Any CPU.ActiveCfg = Release|Any CPU
		{1506A318-0F01-18C2-E95A-B7D77026A0F5}.Release|Any CPU.Build.0 = Release|Any CPU
		{E3DAA36E-0194-B307-7886-4443AC58D4D3}.Debug|Any CPU.ActiveCfg = Debug|Any CPU
		{E3DAA36E-0194-B307-7886-4443AC58D4D3}.Debug|Any CPU.Build.0 = Debug|Any CPU
		{E3DAA36E-0194-B307-7886-4443AC58D4D3}.Release|Any CPU.ActiveCfg = Release|Any CPU
		{E3DAA36E-0194-B307-7886-4443AC58D4D3}.Release|Any CPU.Build.0 = Release|Any CPU
		{F74805EA-0FB4-4FD0-8CBD-C1F20F7AE6D2}.Debug|Any CPU.ActiveCfg = Debug|Any CPU
		{F74805EA-0FB4-4FD0-8CBD-C1F20F7AE6D2}.Debug|Any CPU.Build.0 = Debug|Any CPU
		{F74805EA-0FB4-4FD0-8CBD-C1F20F7AE6D2}.Release|Any CPU.ActiveCfg = Release|Any CPU
		{F74805EA-0FB4-4FD0-8CBD-C1F20F7AE6D2}.Release|Any CPU.Build.0 = Release|Any CPU
	EndGlobalSection
	GlobalSection(SolutionProperties) = preSolution
		HideSolutionNode = FALSE
	EndGlobalSection
																								GlobalSection(MonoDevelopProperties) = preSolution
		StartupItem = Assembly-CSharp.csproj
		Policies = $0
		$0.TextStylePolicy = $1
		$1.inheritsSet = null
		$1.scope = text/x-csharp
		$0.CSharpFormattingPolicy = $2
		$2.inheritsSet = Mono
		$2.inheritsScope = text/x-csharp
		$2.scope = text/x-csharp
		$0.TextStylePolicy = $3
		$3.FileWidth = 120
		$3.TabWidth = 4
		$3.EolMarker = Unix
		$3.inheritsSet = Mono
		$3.inheritsScope = text/plain
		$3.scope = text/plain
	EndGlobalSection

EndGlobal
